
Microsoft Visual Studio Solution File, Format Version 12.00
# Visual Studio 15
VisualStudioVersion = 15.0.27004.2006
MinimumVisualStudioVersion = 10.0.40219.1
Project("{FAE04EC0-301F-11D3-BF4B-00C04F79EFBC}") = "VideoRental", "VideoRental\VideoRental.csproj", "{34160A64-4FF7-4681-8EB2-7B06E8AE0A13}"
EndProject
Global
	GlobalSection(SolutionConfigurationPlatforms) = preSolution
		Debug|Any CPU = Debug|Any CPU
		Release|Any CPU = Release|Any CPU
	EndGlobalSection
	GlobalSection(ProjectConfigurationPlatforms) = postSolution
		{34160A64-4FF7-4681-8EB2-7B06E8AE0A13}.Debug|Any CPU.ActiveCfg = Debug|Any CPU
		{34160A64-4FF7-4681-8EB2-7B06E8AE0A13}.Debug|Any CPU.Build.0 = Debug|Any CPU
		{34160A64-4FF7-4681-8EB2-7B06E8AE0A13}.Release|Any CPU.ActiveCfg = Release|Any CPU
		{34160A64-4FF7-4681-8EB2-7B06E8AE0A13}.Release|Any CPU.Build.0 = Release|Any CPU
	EndGlobalSection
	GlobalSection(SolutionProperties) = preSolution
		HideSolutionNode = FALSE
	EndGlobalSection
	GlobalSection(ExtensibilityGlobals) = postSolution
		SolutionGuid = {AED60966-01C4-4D65-A7F6-7712ED606627}
	EndGlobalSection
EndGlobal
